
Microsoft Visual Studio Solution File, Format Version 12.00
# Visual Studio Version 17
VisualStudioVersion = 17.4.33213.308
MinimumVisualStudioVersion = 10.0.40219.1
Project("{9A19103F-16F7-4668-BE54-9A1E7A4F7556}") = "GUI", "GUI\GUI.csproj", "{043C0E91-ED15-4ED5-A2A9-D2C0C4E7132E}"
EndProject
Project("{FAE04EC0-301F-11D3-BF4B-00C04F79EFBC}") = "GUI.Data", "GUI.Data\GUI.Data.csproj", "{C89C3016-19A5-4053-B8F0-27FDBF83C153}"
EndProject
Global
	GlobalSection(SolutionConfigurationPlatforms) = preSolution
		Debug|Any CPU = Debug|Any CPU
		Release|Any CPU = Release|Any CPU
	EndGlobalSection
	GlobalSection(ProjectConfigurationPlatforms) = postSolution
		{043C0E91-ED15-4ED5-A2A9-D2C0C4E7132E}.Debug|Any CPU.ActiveCfg = Debug|Any CPU
		{043C0E91-ED15-4ED5-A2A9-D2C0C4E7132E}.Debug|Any CPU.Build.0 = Debug|Any CPU
		{043C0E91-ED15-4ED5-A2A9-D2C0C4E7132E}.Release|Any CPU.ActiveCfg = Release|Any CPU
		{043C0E91-ED15-4ED5-A2A9-D2C0C4E7132E}.Release|Any CPU.Build.0 = Release|Any CPU
		{C89C3016-19A5-4053-B8F0-27FDBF83C153}.Debug|Any CPU.ActiveCfg = Debug|Any CPU
		{C89C3016-19A5-4053-B8F0-27FDBF83C153}.Debug|Any CPU.Build.0 = Debug|Any CPU
		{C89C3016-19A5-4053-B8F0-27FDBF83C153}.Release|Any CPU.ActiveCfg = Release|Any CPU
		{C89C3016-19A5-4053-B8F0-27FDBF83C153}.Release|Any CPU.Build.0 = Release|Any CPU
	EndGlobalSection
	GlobalSection(SolutionProperties) = preSolution
		HideSolutionNode = FALSE
	EndGlobalSection
	GlobalSection(ExtensibilityGlobals) = postSolution
		SolutionGuid = {29113F1D-F2C3-46E4-9CC0-A5F170650DC7}
	EndGlobalSection
EndGlobal
